
Microsoft Visual Studio Solution File, Format Version 12.00
# Visual Studio Version 17
VisualStudioVersion = 17.8.34330.188
MinimumVisualStudioVersion = 10.0.40219.1
Project("{FAE04EC0-301F-11D3-BF4B-00C04F79EFBC}") = "MPowerKit.ImageCaching.Nuke", "MPowerKit.ImageCaching.Nuke\MPowerKit.ImageCaching.Nuke.csproj", "{8831F7EF-1691-4154-8D4C-5FDEF1F30245}"
EndProject
Global
	GlobalSection(SolutionConfigurationPlatforms) = preSolution
		Debug|Any CPU = Debug|Any CPU
		Release|Any CPU = Release|Any CPU
	EndGlobalSection
	GlobalSection(ProjectConfigurationPlatforms) = postSolution
		{8831F7EF-1691-4154-8D4C-5FDEF1F30245}.Debug|Any CPU.ActiveCfg = Debug|Any CPU
		{8831F7EF-1691-4154-8D4C-5FDEF1F30245}.Debug|Any CPU.Build.0 = Debug|Any CPU
		{8831F7EF-1691-4154-8D4C-5FDEF1F30245}.Release|Any CPU.ActiveCfg = Release|Any CPU
		{8831F7EF-1691-4154-8D4C-5FDEF1F30245}.Release|Any CPU.Build.0 = Release|Any CPU
	EndGlobalSection
	GlobalSection(SolutionProperties) = preSolution
		HideSolutionNode = FALSE
	EndGlobalSection
	GlobalSection(ExtensibilityGlobals) = postSolution
		SolutionGuid = {B7CCF88F-0C30-4E3A-8374-F3F29E175862}
	EndGlobalSection
EndGlobal
